
Microsoft Visual Studio Solution File, Format Version 12.00
# Visual Studio Version 16
VisualStudioVersion = 16.0.29613.14
MinimumVisualStudioVersion = 10.0.40219.1
Project("{FAE04EC0-301F-11D3-BF4B-00C04F79EFBC}") = "WEB.API.DGA.MIL.DOC", "TEST.XML.WEB.SERVICE\WEB.API.DGA.MIL.DOC.csproj", "{F4CB2D3C-222D-47B6-87CC-7D1E37DC520C}"
EndProject
Global
	GlobalSection(SolutionConfigurationPlatforms) = preSolution
		Debug|Any CPU = Debug|Any CPU
		Release|Any CPU = Release|Any CPU
	EndGlobalSection
	GlobalSection(ProjectConfigurationPlatforms) = postSolution
		{F4CB2D3C-222D-47B6-87CC-7D1E37DC520C}.Debug|Any CPU.ActiveCfg = Debug|Any CPU
		{F4CB2D3C-222D-47B6-87CC-7D1E37DC520C}.Debug|Any CPU.Build.0 = Debug|Any CPU
		{F4CB2D3C-222D-47B6-87CC-7D1E37DC520C}.Release|Any CPU.ActiveCfg = Release|Any CPU
		{F4CB2D3C-222D-47B6-87CC-7D1E37DC520C}.Release|Any CPU.Build.0 = Release|Any CPU
	EndGlobalSection
	GlobalSection(SolutionProperties) = preSolution
		HideSolutionNode = FALSE
	EndGlobalSection
	GlobalSection(ExtensibilityGlobals) = postSolution
		SolutionGuid = {16A3B291-3E59-4153-8480-73875582BC14}
	EndGlobalSection
EndGlobal
